# This file is automatically @generated by Cargo.
# It is not intended for manual editing.
version = 3

[[package]]
name = "external-services"
version = "0.1.0"
dependencies = [
 "persistence",
]

[[package]]
name = "persistence"
version = "0.1.0"

[[package]]
name = "presentation"
version = "0.1.0"
dependencies = [
 "services",
]

[[package]]
name = "services"
version = "0.1.0"
dependencies = [
 "external-services",
 "persistence",
]
